{
  "pins" : [
    {
      "identity" : "kivycore",
      "kind" : "remoteSourceControl",
      "location" : "https://github.com/PythonSwiftLink/KivyCore",
      "state" : {
        "revision" : "bc0486e00d161c959c7ebf0fdd760d2025e39356",
        "version" : "0.0.0"
      }
    }
  ],
  "version" : 2
}
